
Microsoft Visual Studio Solution File, Format Version 12.00
# Visual Studio Version 17
VisualStudioVersion = 17.3.32825.248
MinimumVisualStudioVersion = 10.0.40219.1
Project("{FAE04EC0-301F-11D3-BF4B-00C04F79EFBC}") = "Sudoku", "Sudoku.csproj", "{35C9326F-4919-4656-AB17-6DCEC28088F5}"
EndProject
Global
	GlobalSection(SolutionConfigurationPlatforms) = preSolution
		Debug|Any CPU = Debug|Any CPU
		Release|Any CPU = Release|Any CPU
	EndGlobalSection
	GlobalSection(ProjectConfigurationPlatforms) = postSolution
		{35C9326F-4919-4656-AB17-6DCEC28088F5}.Debug|Any CPU.ActiveCfg = Debug|Any CPU
		{35C9326F-4919-4656-AB17-6DCEC28088F5}.Debug|Any CPU.Build.0 = Debug|Any CPU
		{35C9326F-4919-4656-AB17-6DCEC28088F5}.Release|Any CPU.ActiveCfg = Release|Any CPU
		{35C9326F-4919-4656-AB17-6DCEC28088F5}.Release|Any CPU.Build.0 = Release|Any CPU
	EndGlobalSection
	GlobalSection(SolutionProperties) = preSolution
		HideSolutionNode = FALSE
	EndGlobalSection
	GlobalSection(ExtensibilityGlobals) = postSolution
		SolutionGuid = {317923A2-57B1-4C82-B665-62844DE2F35B}
	EndGlobalSection
EndGlobal
